
Microsoft Visual Studio Solution File, Format Version 12.00
# Visual Studio 14
VisualStudioVersion = 14.0.23107.0
MinimumVisualStudioVersion = 10.0.40219.1
Project("{FAE04EC0-301F-11D3-BF4B-00C04F79EFBC}") = "Model", "Homework2\Model.csproj", "{1FD3B505-F008-442B-BCD6-E0728CA7D005}"
EndProject
Project("{FAE04EC0-301F-11D3-BF4B-00C04F79EFBC}") = "View", "View\View.csproj", "{5F9D27EF-F81C-41AD-9C97-D059985CDDEC}"
EndProject
Global
	GlobalSection(SolutionConfigurationPlatforms) = preSolution
		Debug|Any CPU = Debug|Any CPU
		Release|Any CPU = Release|Any CPU
	EndGlobalSection
	GlobalSection(ProjectConfigurationPlatforms) = postSolution
		{1FD3B505-F008-442B-BCD6-E0728CA7D005}.Debug|Any CPU.ActiveCfg = Debug|Any CPU
		{1FD3B505-F008-442B-BCD6-E0728CA7D005}.Debug|Any CPU.Build.0 = Debug|Any CPU
		{1FD3B505-F008-442B-BCD6-E0728CA7D005}.Release|Any CPU.ActiveCfg = Release|Any CPU
		{1FD3B505-F008-442B-BCD6-E0728CA7D005}.Release|Any CPU.Build.0 = Release|Any CPU
		{5F9D27EF-F81C-41AD-9C97-D059985CDDEC}.Debug|Any CPU.ActiveCfg = Debug|Any CPU
		{5F9D27EF-F81C-41AD-9C97-D059985CDDEC}.Debug|Any CPU.Build.0 = Debug|Any CPU
		{5F9D27EF-F81C-41AD-9C97-D059985CDDEC}.Release|Any CPU.ActiveCfg = Release|Any CPU
		{5F9D27EF-F81C-41AD-9C97-D059985CDDEC}.Release|Any CPU.Build.0 = Release|Any CPU
	EndGlobalSection
	GlobalSection(SolutionProperties) = preSolution
		HideSolutionNode = FALSE
	EndGlobalSection
EndGlobal
